
Microsoft Visual Studio Solution File, Format Version 12.00
# Visual Studio Version 17
VisualStudioVersion = 17.9.34723.18
MinimumVisualStudioVersion = 10.0.40219.1
Project("{FAE04EC0-301F-11D3-BF4B-00C04F79EFBC}") = "newproj", "newproj\newproj.csproj", "{B8023028-F8C7-4B82-845E-84891A2FD944}"
EndProject
Global
	GlobalSection(SolutionConfigurationPlatforms) = preSolution
		Debug|Any CPU = Debug|Any CPU
		Release|Any CPU = Release|Any CPU
	EndGlobalSection
	GlobalSection(ProjectConfigurationPlatforms) = postSolution
		{B8023028-F8C7-4B82-845E-84891A2FD944}.Debug|Any CPU.ActiveCfg = Debug|Any CPU
		{B8023028-F8C7-4B82-845E-84891A2FD944}.Debug|Any CPU.Build.0 = Debug|Any CPU
		{B8023028-F8C7-4B82-845E-84891A2FD944}.Release|Any CPU.ActiveCfg = Release|Any CPU
		{B8023028-F8C7-4B82-845E-84891A2FD944}.Release|Any CPU.Build.0 = Release|Any CPU
	EndGlobalSection
	GlobalSection(SolutionProperties) = preSolution
		HideSolutionNode = FALSE
	EndGlobalSection
	GlobalSection(ExtensibilityGlobals) = postSolution
		SolutionGuid = {C50BB615-AED6-4FFD-81A8-1C035C147E22}
	EndGlobalSection
EndGlobal
